// !$*UTF8*$!
{
	archiveVersion = 1;
	classes = {
	};
	objectVersion = 50;
	objects = {

/* Begin PBXAggregateTarget section */
		2EE7EB9622657EBE002474D6 /* createPackage */ = {
			isa = PBXAggregateTarget;
			buildConfigurationList = 2EE7EB9722657EBE002474D6 /* Build configuration list for PBXAggregateTarget "createPackage" */;
			buildPhases = (
				2EE7EB9A22657EE2002474D6 /* ShellScript */,
			);
			dependencies = (
			);
			name = createPackage;
			productName = createPackage;
		};
/* End PBXAggregateTarget section */

/* Begin PBXBuildFile section */
		2E88E7F42264949D00624DC8 /* ModuleMobLinkPro.m in Sources */ = {isa = PBXBuildFile; fileRef = 2E88E7F32264949D00624DC8 /* ModuleMobLinkPro.m */; };
/* End PBXBuildFile section */

/* Begin PBXCopyFilesBuildPhase section */
		2E88E7D6226490C000624DC8 /* CopyFiles */ = {
			isa = PBXCopyFilesBuildPhase;
			buildActionMask = 2147483647;
			dstPath = "include/$(PRODUCT_NAME)";
			dstSubfolderSpec = 16;
			files = (
			);
			runOnlyForDeploymentPostprocessing = 0;
		};
/* End PBXCopyFilesBuildPhase section */

/* Begin PBXFileReference section */
		2E88E7D8226490C000624DC8 /* libModuleMobLinkPro.a */ = {isa = PBXFileReference; explicitFileType = archive.ar; includeInIndex = 0; path = libModuleMobLinkPro.a; sourceTree = BUILT_PRODUCTS_DIR; };
		2E88E7EC2264944F00624DC8 /* UIViewControllerExtension.h */ = {isa = PBXFileReference; fileEncoding = 4; lastKnownFileType = sourcecode.c.h; path = UIViewControllerExtension.h; sourceTree = "<group>"; };
		2E88E7ED2264944F00624DC8 /* UZURLTask.h */ = {isa = PBXFileReference; fileEncoding = 4; lastKnownFileType = sourcecode.c.h; path = UZURLTask.h; sourceTree = "<group>"; };
		2E88E7EE2264944F00624DC8 /* UZModule.h */ = {isa = PBXFileReference; fileEncoding = 4; lastKnownFileType = sourcecode.c.h; path = UZModule.h; sourceTree = "<group>"; };
		2E88E7EF2264944F00624DC8 /* UZAppDelegate.h */ = {isa = PBXFileReference; fileEncoding = 4; lastKnownFileType = sourcecode.c.h; path = UZAppDelegate.h; sourceTree = "<group>"; };
		2E88E7F02264944F00624DC8 /* UZAppUtils.h */ = {isa = PBXFileReference; fileEncoding = 4; lastKnownFileType = sourcecode.c.h; path = UZAppUtils.h; sourceTree = "<group>"; };
		2E88E7F12264944F00624DC8 /* NSDictionaryUtils.h */ = {isa = PBXFileReference; fileEncoding = 4; lastKnownFileType = sourcecode.c.h; path = NSDictionaryUtils.h; sourceTree = "<group>"; };
		2E88E7F22264949D00624DC8 /* ModuleMobLinkPro.h */ = {isa = PBXFileReference; fileEncoding = 4; lastKnownFileType = sourcecode.c.h; path = ModuleMobLinkPro.h; sourceTree = "<group>"; };
		2E88E7F32264949D00624DC8 /* ModuleMobLinkPro.m */ = {isa = PBXFileReference; fileEncoding = 4; lastKnownFileType = sourcecode.c.objc; path = ModuleMobLinkPro.m; sourceTree = "<group>"; };
/* End PBXFileReference section */

/* Begin PBXFrameworksBuildPhase section */
		2E88E7D5226490C000624DC8 /* Frameworks */ = {
			isa = PBXFrameworksBuildPhase;
			buildActionMask = 2147483647;
			files = (
			);
			runOnlyForDeploymentPostprocessing = 0;
		};
/* End PBXFrameworksBuildPhase section */

/* Begin PBXGroup section */
		2E88E7CF226490C000624DC8 = {
			isa = PBXGroup;
			children = (
				2E88E7DA226490C000624DC8 /* ModuleMobLinkPro */,
				2E88E7D9226490C000624DC8 /* Products */,
			);
			sourceTree = "<group>";
		};
		2E88E7D9226490C000624DC8 /* Products */ = {
			isa = PBXGroup;
			children = (
				2E88E7D8226490C000624DC8 /* libModuleMobLinkPro.a */,
			);
			name = Products;
			sourceTree = "<group>";
		};
		2E88E7DA226490C000624DC8 /* ModuleMobLinkPro */ = {
			isa = PBXGroup;
			children = (
				2E88E7EB2264944F00624DC8 /* UZEngine */,
				2E88E7F22264949D00624DC8 /* ModuleMobLinkPro.h */,
				2E88E7F32264949D00624DC8 /* ModuleMobLinkPro.m */,
			);
			path = ModuleMobLinkPro;
			sourceTree = "<group>";
		};
		2E88E7EB2264944F00624DC8 /* UZEngine */ = {
			isa = PBXGroup;
			children = (
				2E88E7EC2264944F00624DC8 /* UIViewControllerExtension.h */,
				2E88E7ED2264944F00624DC8 /* UZURLTask.h */,
				2E88E7EE2264944F00624DC8 /* UZModule.h */,
				2E88E7EF2264944F00624DC8 /* UZAppDelegate.h */,
				2E88E7F02264944F00624DC8 /* UZAppUtils.h */,
				2E88E7F12264944F00624DC8 /* NSDictionaryUtils.h */,
			);
			name = UZEngine;
			path = ../../ModuleDemo/ModuleDemo/UZEngine;
			sourceTree = "<group>";
		};
/* End PBXGroup section */

/* Begin PBXNativeTarget section */
		2E88E7D7226490C000624DC8 /* ModuleMobLinkPro */ = {
			isa = PBXNativeTarget;
			buildConfigurationList = 2E88E7E1226490C000624DC8 /* Build configuration list for PBXNativeTarget "ModuleMobLinkPro" */;
			buildPhases = (
				2E88E7D4226490C000624DC8 /* Sources */,
				2E88E7D5226490C000624DC8 /* Frameworks */,
				2E88E7D6226490C000624DC8 /* CopyFiles */,
				2EE7EB8322657D64002474D6 /* Run Script */,
			);
			buildRules = (
			);
			dependencies = (
			);
			name = ModuleMobLinkPro;
			productName = ModuleMobLinkPro;
			productReference = 2E88E7D8226490C000624DC8 /* libModuleMobLinkPro.a */;
			productType = "com.apple.product-type.library.static";
		};
/* End PBXNativeTarget section */

/* Begin PBXProject section */
		2E88E7D0226490C000624DC8 /* Project object */ = {
			isa = PBXProject;
			attributes = {
				LastUpgradeCheck = 1010;
				ORGANIZATIONNAME = mob;
				TargetAttributes = {
					2E88E7D7226490C000624DC8 = {
						CreatedOnToolsVersion = 10.1;
					};
					2EE7EB9622657EBE002474D6 = {
						CreatedOnToolsVersion = 10.1;
					};
				};
			};
			buildConfigurationList = 2E88E7D3226490C000624DC8 /* Build configuration list for PBXProject "ModuleMobLinkPro" */;
			compatibilityVersion = "Xcode 9.3";
			developmentRegion = en;
			hasScannedForEncodings = 0;
			knownRegions = (
				en,
				Base,
			);
			mainGroup = 2E88E7CF226490C000624DC8;
			productRefGroup = 2E88E7D9226490C000624DC8 /* Products */;
			projectDirPath = "";
			projectRoot = "";
			targets = (
				2E88E7D7226490C000624DC8 /* ModuleMobLinkPro */,
				2EE7EB9622657EBE002474D6 /* createPackage */,
			);
		};
/* End PBXProject section */

/* Begin PBXShellScriptBuildPhase section */
		2EE7EB8322657D64002474D6 /* Run Script */ = {
			isa = PBXShellScriptBuildPhase;
			buildActionMask = 2147483647;
			files = (
			);
			inputFileListPaths = (
			);
			inputPaths = (
			);
			name = "Run Script";
			outputFileListPaths = (
			);
			outputPaths = (
			);
			runOnlyForDeploymentPostprocessing = 0;
			shellPath = /bin/sh;
			shellScript = "# Type a script or drag a script file from your workspace to insert its path.\n";
		};
		2EE7EB9A22657EE2002474D6 /* ShellScript */ = {
			isa = PBXShellScriptBuildPhase;
			buildActionMask = 2147483647;
			files = (
			);
			inputFileListPaths = (
			);
			inputPaths = (
			);
			outputFileListPaths = (
			);
			outputPaths = (
			);
			runOnlyForDeploymentPostprocessing = 0;
			shellPath = /bin/sh;
			shellScript = "if [ \"${ACTION}\" = \"build\" ]\nthen\n\n#要build的target名\ntarget_Name=${PROJECT_NAME}\necho \"target_Name=${target_Name}\"\n\n#build之后的文件夹路径\nbuild_DIR=${SRCROOT}/build\necho \"build_DIR=${build_DIR}\"\n\n#真机build生成的头文件的文件夹路径\nDEVICE_DIR_INCLUDE=${build_DIR}/Release-iphoneos/include/${PROJECT_NAME}\necho \"DEVICE_DIR_INCLUDE=${DEVICE_DIR_INCLUDE}\"\n\n#真机build生成的.a文件路径\nDEVICE_DIR_A=${build_DIR}/Release-iphoneos/lib${PROJECT_NAME}.a\necho \"DEVICE_DIR_A=${DEVICE_DIR_A}\"\n\n#模拟器build生成的.a文件路径\nSIMULATOR_DIR_A=${build_DIR}/Release-iphonesimulator/lib${PROJECT_NAME}.a\necho \"SIMULATOR_DIR_A=${SIMULATOR_DIR_A}\"\n\n#目标文件夹路径\nINSTALL_DIR=${SRCROOT}/Products/${PROJECT_NAME}\necho \"INSTALL_DIR=${INSTALL_DIR}\"\n\n#目标头文件文件夹路径\nINSTALL_DIR_Headers=${SRCROOT}/Products/${PROJECT_NAME}/Headers\necho \"INSTALL_DIR_Headers=${INSTALL_DIR_Headers}\"\n\n#目标.a路径\nINSTALL_DIR_A=${SRCROOT}/../lib${PROJECT_NAME}.a\necho \"INSTALL_DIR_A=${INSTALL_DIR_A}\"\n\n#判断build文件夹是否存在，存在则删除\nif [ -d \"${build_DIR}\" ]\nthen\nrm -rf \"${build_DIR}\"\nfi\n\n#判断目标文件夹是否存在，存在则删除该文件夹\nif [ -d \"${INSTALL_DIR}\" ]\nthen\nrm -rf \"${INSTALL_DIR}\"\nfi\n#创建目标文件夹\nmkdir -p \"${INSTALL_DIR}\"\n\n#build之前clean一下\nxcodebuild -target ${target_Name} clean\n\n#模拟器build\nxcodebuild -target ${target_Name} -configuration Release -sdk iphonesimulator\n\n#真机build\nxcodebuild -target ${target_Name} -configuration Release -sdk iphoneos\n\n#复制头文件到目标文件夹\ncp -R \"${DEVICE_DIR_INCLUDE}\" \"${INSTALL_DIR_Headers}\"\n\n#合成模拟器和真机.a包\nlipo -create \"${DEVICE_DIR_A}\" \"${SIMULATOR_DIR_A}\" -output \"${INSTALL_DIR_A}\"\n\n#打开目标文件夹\nopen \"${SRCROOT}/..\"\n\nfi\n";
		};
/* End PBXShellScriptBuildPhase section */

/* Begin PBXSourcesBuildPhase section */
		2E88E7D4226490C000624DC8 /* Sources */ = {
			isa = PBXSourcesBuildPhase;
			buildActionMask = 2147483647;
			files = (
				2E88E7F42264949D00624DC8 /* ModuleMobLinkPro.m in Sources */,
			);
			runOnlyForDeploymentPostprocessing = 0;
		};
/* End PBXSourcesBuildPhase section */

/* Begin XCBuildConfiguration section */
		2E88E7DF226490C000624DC8 /* Debug */ = {
			isa = XCBuildConfiguration;
			buildSettings = {
				ALWAYS_SEARCH_USER_PATHS = NO;
				CLANG_ANALYZER_NONNULL = YES;
				CLANG_ANALYZER_NUMBER_OBJECT_CONVERSION = YES_AGGRESSIVE;
				CLANG_CXX_LANGUAGE_STANDARD = "gnu++14";
				CLANG_CXX_LIBRARY = "libc++";
				CLANG_ENABLE_MODULES = YES;
				CLANG_ENABLE_OBJC_ARC = YES;
				CLANG_ENABLE_OBJC_WEAK = YES;
				CLANG_WARN_BLOCK_CAPTURE_AUTORELEASING = YES;
				CLANG_WARN_BOOL_CONVERSION = YES;
				CLANG_WARN_COMMA = YES;
				CLANG_WARN_CONSTANT_CONVERSION = YES;
				CLANG_WARN_DEPRECATED_OBJC_IMPLEMENTATIONS = YES;
				CLANG_WARN_DIRECT_OBJC_ISA_USAGE = YES_ERROR;
				CLANG_WARN_DOCUMENTATION_COMMENTS = YES;
				CLANG_WARN_EMPTY_BODY = YES;
				CLANG_WARN_ENUM_CONVERSION = YES;
				CLANG_WARN_INFINITE_RECURSION = YES;
				CLANG_WARN_INT_CONVERSION = YES;
				CLANG_WARN_NON_LITERAL_NULL_CONVERSION = YES;
				CLANG_WARN_OBJC_IMPLICIT_RETAIN_SELF = YES;
				CLANG_WARN_OBJC_LITERAL_CONVERSION = YES;
				CLANG_WARN_OBJC_ROOT_CLASS = YES_ERROR;
				CLANG_WARN_RANGE_LOOP_ANALYSIS = YES;
				CLANG_WARN_STRICT_PROTOTYPES = YES;
				CLANG_WARN_SUSPICIOUS_MOVE = YES;
				CLANG_WARN_UNGUARDED_AVAILABILITY = YES_AGGRESSIVE;
				CLANG_WARN_UNREACHABLE_CODE = YES;
				CLANG_WARN__DUPLICATE_METHOD_MATCH = YES;
				CODE_SIGN_IDENTITY = "iPhone Developer";
				COPY_PHASE_STRIP = NO;
				DEBUG_INFORMATION_FORMAT = dwarf;
				ENABLE_STRICT_OBJC_MSGSEND = YES;
				ENABLE_TESTABILITY = YES;
				GCC_C_LANGUAGE_STANDARD = gnu11;
				GCC_DYNAMIC_NO_PIC = NO;
				GCC_NO_COMMON_BLOCKS = YES;
				GCC_OPTIMIZATION_LEVEL = 0;
				GCC_PREPROCESSOR_DEFINITIONS = (
					"DEBUG=1",
					"$(inherited)",
				);
				GCC_WARN_64_TO_32_BIT_CONVERSION = YES;
				GCC_WARN_ABOUT_RETURN_TYPE = YES_ERROR;
				GCC_WARN_UNDECLARED_SELECTOR = YES;
				GCC_WARN_UNINITIALIZED_AUTOS = YES_AGGRESSIVE;
				GCC_WARN_UNUSED_FUNCTION = YES;
				GCC_WARN_UNUSED_VARIABLE = YES;
				IPHONEOS_DEPLOYMENT_TARGET = 8.0;
				MTL_ENABLE_DEBUG_INFO = INCLUDE_SOURCE;
				MTL_FAST_MATH = YES;
				ONLY_ACTIVE_ARCH = YES;
				SDKROOT = iphoneos;
			};
			name = Debug;
		};
		2E88E7E0226490C000624DC8 /* Release */ = {
			isa = XCBuildConfiguration;
			buildSettings = {
				ALWAYS_SEARCH_USER_PATHS = NO;
				CLANG_ANALYZER_NONNULL = YES;
				CLANG_ANALYZER_NUMBER_OBJECT_CONVERSION = YES_AGGRESSIVE;
				CLANG_CXX_LANGUAGE_STANDARD = "gnu++14";
				CLANG_CXX_LIBRARY = "libc++";
				CLANG_ENABLE_MODULES = YES;
				CLANG_ENABLE_OBJC_ARC = YES;
				CLANG_ENABLE_OBJC_WEAK = YES;
				CLANG_WARN_BLOCK_CAPTURE_AUTORELEASING = YES;
				CLANG_WARN_BOOL_CONVERSION = YES;
				CLANG_WARN_COMMA = YES;
				CLANG_WARN_CONSTANT_CONVERSION = YES;
				CLANG_WARN_DEPRECATED_OBJC_IMPLEMENTATIONS = YES;
				CLANG_WARN_DIRECT_OBJC_ISA_USAGE = YES_ERROR;
				CLANG_WARN_DOCUMENTATION_COMMENTS = YES;
				CLANG_WARN_EMPTY_BODY = YES;
				CLANG_WARN_ENUM_CONVERSION = YES;
				CLANG_WARN_INFINITE_RECURSION = YES;
				CLANG_WARN_INT_CONVERSION = YES;
				CLANG_WARN_NON_LITERAL_NULL_CONVERSION = YES;
				CLANG_WARN_OBJC_IMPLICIT_RETAIN_SELF = YES;
				CLANG_WARN_OBJC_LITERAL_CONVERSION = YES;
				CLANG_WARN_OBJC_ROOT_CLASS = YES_ERROR;
				CLANG_WARN_RANGE_LOOP_ANALYSIS = YES;
				CLANG_WARN_STRICT_PROTOTYPES = YES;
				CLANG_WARN_SUSPICIOUS_MOVE = YES;
				CLANG_WARN_UNGUARDED_AVAILABILITY = YES_AGGRESSIVE;
				CLANG_WARN_UNREACHABLE_CODE = YES;
				CLANG_WARN__DUPLICATE_METHOD_MATCH = YES;
				CODE_SIGN_IDENTITY = "iPhone Developer";
				COPY_PHASE_STRIP = NO;
				DEBUG_INFORMATION_FORMAT = "dwarf-with-dsym";
				ENABLE_NS_ASSERTIONS = NO;
				ENABLE_STRICT_OBJC_MSGSEND = YES;
				GCC_C_LANGUAGE_STANDARD = gnu11;
				GCC_NO_COMMON_BLOCKS = YES;
				GCC_WARN_64_TO_32_BIT_CONVERSION = YES;
				GCC_WARN_ABOUT_RETURN_TYPE = YES_ERROR;
				GCC_WARN_UNDECLARED_SELECTOR = YES;
				GCC_WARN_UNINITIALIZED_AUTOS = YES_AGGRESSIVE;
				GCC_WARN_UNUSED_FUNCTION = YES;
				GCC_WARN_UNUSED_VARIABLE = YES;
				IPHONEOS_DEPLOYMENT_TARGET = 8.0;
				MTL_ENABLE_DEBUG_INFO = NO;
				MTL_FAST_MATH = YES;
				SDKROOT = iphoneos;
				VALIDATE_PRODUCT = YES;
			};
			name = Release;
		};
		2E88E7E2226490C000624DC8 /* Debug */ = {
			isa = XCBuildConfiguration;
			buildSettings = {
				CODE_SIGN_STYLE = Automatic;
				FRAMEWORK_SEARCH_PATHS = "\"$(SRCROOT)/../\"";
				ONLY_ACTIVE_ARCH = NO;
				OTHER_LDFLAGS = "-ObjC";
				PRODUCT_NAME = "$(TARGET_NAME)";
				SKIP_INSTALL = YES;
				TARGETED_DEVICE_FAMILY = "1,2";
			};
			name = Debug;
		};
		2E88E7E3226490C000624DC8 /* Release */ = {
			isa = XCBuildConfiguration;
			buildSettings = {
				CODE_SIGN_STYLE = Automatic;
				FRAMEWORK_SEARCH_PATHS = "\"$(SRCROOT)/../\"";
				ONLY_ACTIVE_ARCH = NO;
				OTHER_LDFLAGS = "-ObjC";
				PRODUCT_NAME = "$(TARGET_NAME)";
				SKIP_INSTALL = YES;
				TARGETED_DEVICE_FAMILY = "1,2";
			};
			name = Release;
		};
		2EE7EB9822657EBE002474D6 /* Debug */ = {
			isa = XCBuildConfiguration;
			buildSettings = {
				CODE_SIGN_STYLE = Automatic;
				PRODUCT_NAME = "$(TARGET_NAME)";
			};
			name = Debug;
		};
		2EE7EB9922657EBE002474D6 /* Release */ = {
			isa = XCBuildConfiguration;
			buildSettings = {
				CODE_SIGN_STYLE = Automatic;
				PRODUCT_NAME = "$(TARGET_NAME)";
			};
			name = Release;
		};
/* End XCBuildConfiguration section */

/* Begin XCConfigurationList section */
		2E88E7D3226490C000624DC8 /* Build configuration list for PBXProject "ModuleMobLinkPro" */ = {
			isa = XCConfigurationList;
			buildConfigurations = (
				2E88E7DF226490C000624DC8 /* Debug */,
				2E88E7E0226490C000624DC8 /* Release */,
			);
			defaultConfigurationIsVisible = 0;
			defaultConfigurationName = Release;
		};
		2E88E7E1226490C000624DC8 /* Build configuration list for PBXNativeTarget "ModuleMobLinkPro" */ = {
			isa = XCConfigurationList;
			buildConfigurations = (
				2E88E7E2226490C000624DC8 /* Debug */,
				2E88E7E3226490C000624DC8 /* Release */,
			);
			defaultConfigurationIsVisible = 0;
			defaultConfigurationName = Release;
		};
		2EE7EB9722657EBE002474D6 /* Build configuration list for PBXAggregateTarget "createPackage" */ = {
			isa = XCConfigurationList;
			buildConfigurations = (
				2EE7EB9822657EBE002474D6 /* Debug */,
				2EE7EB9922657EBE002474D6 /* Release */,
			);
			defaultConfigurationIsVisible = 0;
			defaultConfigurationName = Release;
		};
/* End XCConfigurationList section */
	};
	rootObject = 2E88E7D0226490C000624DC8 /* Project object */;
}
